
Microsoft Visual Studio Solution File, Format Version 12.00
# Visual Studio Version 17
VisualStudioVersion = 17.14.37203.1 d17.14
MinimumVisualStudioVersion = 10.0.40219.1
Project("{FAE04EC0-301F-11D3-BF4B-00C04F79EFBC}") = "cned86", "cned86\cned86.csproj", "{D85594FD-9CA5-4C5B-8692-C78A87B6CC9B}"
EndProject
Global
	GlobalSection(SolutionConfigurationPlatforms) = preSolution
		Debug|Any CPU = Debug|Any CPU
		Release|Any CPU = Release|Any CPU
	EndGlobalSection
	GlobalSection(ProjectConfigurationPlatforms) = postSolution
		{D85594FD-9CA5-4C5B-8692-C78A87B6CC9B}.Debug|Any CPU.ActiveCfg = Debug|Any CPU
		{D85594FD-9CA5-4C5B-8692-C78A87B6CC9B}.Debug|Any CPU.Build.0 = Debug|Any CPU
		{D85594FD-9CA5-4C5B-8692-C78A87B6CC9B}.Release|Any CPU.ActiveCfg = Release|Any CPU
		{D85594FD-9CA5-4C5B-8692-C78A87B6CC9B}.Release|Any CPU.Build.0 = Release|Any CPU
	EndGlobalSection
	GlobalSection(SolutionProperties) = preSolution
		HideSolutionNode = FALSE
	EndGlobalSection
	GlobalSection(ExtensibilityGlobals) = postSolution
		SolutionGuid = {A3924659-3731-407D-B79B-59B8339DAEDA}
	EndGlobalSection
EndGlobal
